
Microsoft Visual Studio Solution File, Format Version 12.00
# Visual Studio 15
VisualStudioVersion = 15.0.28307.106
MinimumVisualStudioVersion = 10.0.40219.1
Project("{FAE04EC0-301F-11D3-BF4B-00C04F79EFBC}") = "EmployeeDirectory", "EmployeeDirectory\EmployeeDirectory.csproj", "{2876EF07-B808-4817-ACB1-3A0538DF623A}"
EndProject
Global
	GlobalSection(SolutionConfigurationPlatforms) = preSolution
		Debug|Any CPU = Debug|Any CPU
		Release|Any CPU = Release|Any CPU
	EndGlobalSection
	GlobalSection(ProjectConfigurationPlatforms) = postSolution
		{2876EF07-B808-4817-ACB1-3A0538DF623A}.Debug|Any CPU.ActiveCfg = Debug|Any CPU
		{2876EF07-B808-4817-ACB1-3A0538DF623A}.Debug|Any CPU.Build.0 = Debug|Any CPU
		{2876EF07-B808-4817-ACB1-3A0538DF623A}.Release|Any CPU.ActiveCfg = Release|Any CPU
		{2876EF07-B808-4817-ACB1-3A0538DF623A}.Release|Any CPU.Build.0 = Release|Any CPU
	EndGlobalSection
	GlobalSection(SolutionProperties) = preSolution
		HideSolutionNode = FALSE
	EndGlobalSection
	GlobalSection(ExtensibilityGlobals) = postSolution
		SolutionGuid = {0773E2F8-E46E-49A1-969D-D19C2C508F9A}
	EndGlobalSection
EndGlobal
